
Microsoft Visual Studio Solution File, Format Version 12.00
# Visual Studio 14
VisualStudioVersion = 14.0.23107.0
MinimumVisualStudioVersion = 10.0.40219.1
Project("{FAE04EC0-301F-11D3-BF4B-00C04F79EFBC}") = "WarThunderRandomGenerator", "WarThunderRandomGenerator\WarThunderRandomGenerator.csproj", "{1F8C2DAA-CEED-45D1-8F69-C80EF9C161E9}"
EndProject
Project("{FAE04EC0-301F-11D3-BF4B-00C04F79EFBC}") = "CreateVehicleList", "CreateVehicleList\CreateVehicleList.csproj", "{4E2ACEBB-2D0F-4EA3-A7CE-AEFC0CCB6F68}"
EndProject
Global
	GlobalSection(SolutionConfigurationPlatforms) = preSolution
		Debug|Any CPU = Debug|Any CPU
		Release|Any CPU = Release|Any CPU
	EndGlobalSection
	GlobalSection(ProjectConfigurationPlatforms) = postSolution
		{1F8C2DAA-CEED-45D1-8F69-C80EF9C161E9}.Debug|Any CPU.ActiveCfg = Debug|Any CPU
		{1F8C2DAA-CEED-45D1-8F69-C80EF9C161E9}.Debug|Any CPU.Build.0 = Debug|Any CPU
		{1F8C2DAA-CEED-45D1-8F69-C80EF9C161E9}.Release|Any CPU.ActiveCfg = Release|Any CPU
		{1F8C2DAA-CEED-45D1-8F69-C80EF9C161E9}.Release|Any CPU.Build.0 = Release|Any CPU
		{4E2ACEBB-2D0F-4EA3-A7CE-AEFC0CCB6F68}.Debug|Any CPU.ActiveCfg = Debug|Any CPU
		{4E2ACEBB-2D0F-4EA3-A7CE-AEFC0CCB6F68}.Debug|Any CPU.Build.0 = Debug|Any CPU
		{4E2ACEBB-2D0F-4EA3-A7CE-AEFC0CCB6F68}.Release|Any CPU.ActiveCfg = Release|Any CPU
		{4E2ACEBB-2D0F-4EA3-A7CE-AEFC0CCB6F68}.Release|Any CPU.Build.0 = Release|Any CPU
	EndGlobalSection
	GlobalSection(SolutionProperties) = preSolution
		HideSolutionNode = FALSE
	EndGlobalSection
EndGlobal
